// !$*UTF8*$!
{
	archiveVersion = 1;
	classes = {
	};
	objectVersion = 46;
	objects = {

/* Begin PBXBuildFile section */
		462C36C01EA9E1EA0086CB76 /* main.m in Sources */ = {isa = PBXBuildFile; fileRef = 462C36BF1EA9E1E90086CB76 /* main.m */; };
		462C36C31EA9E1EA0086CB76 /* AppDelegate.m in Sources */ = {isa = PBXBuildFile; fileRef = 462C36C21EA9E1EA0086CB76 /* AppDelegate.m */; };
		462C36C61EA9E1EA0086CB76 /* ViewController.m in Sources */ = {isa = PBXBuildFile; fileRef = 462C36C51EA9E1EA0086CB76 /* ViewController.m */; };
		462C36C91EA9E1EA0086CB76 /* Main.storyboard in Resources */ = {isa = PBXBuildFile; fileRef = 462C36C71EA9E1EA0086CB76 /* Main.storyboard */; };
		462C36CB1EA9E1EA0086CB76 /* Assets.xcassets in Resources */ = {isa = PBXBuildFile; fileRef = 462C36CA1EA9E1EA0086CB76 /* Assets.xcassets */; };
		462C36CE1EA9E1EA0086CB76 /* LaunchScreen.storyboard in Resources */ = {isa = PBXBuildFile; fileRef = 462C36CC1EA9E1EA0086CB76 /* LaunchScreen.storyboard */; };
		462C36D71EA9E2040086CB76 /* RuntimeKit.m in Sources */ = {isa = PBXBuildFile; fileRef = 462C36D61EA9E2040086CB76 /* RuntimeKit.m */; };
/* End PBXBuildFile section */

/* Begin PBXFileReference section */
		462C36BB1EA9E1E90086CB76 /* RuntimeKit.app */ = {isa = PBXFileReference; explicitFileType = wrapper.application; includeInIndex = 0; path = RuntimeKit.app; sourceTree = BUILT_PRODUCTS_DIR; };
		462C36BF1EA9E1E90086CB76 /* main.m */ = {isa = PBXFileReference; lastKnownFileType = sourcecode.c.objc; path = main.m; sourceTree = "<group>"; };
		462C36C11EA9E1EA0086CB76 /* AppDelegate.h */ = {isa = PBXFileReference; lastKnownFileType = sourcecode.c.h; path = AppDelegate.h; sourceTree = "<group>"; };
		462C36C21EA9E1EA0086CB76 /* AppDelegate.m */ = {isa = PBXFileReference; lastKnownFileType = sourcecode.c.objc; path = AppDelegate.m; sourceTree = "<group>"; };
		462C36C41EA9E1EA0086CB76 /* ViewController.h */ = {isa = PBXFileReference; lastKnownFileType = sourcecode.c.h; path = ViewController.h; sourceTree = "<group>"; };
		462C36C51EA9E1EA0086CB76 /* ViewController.m */ = {isa = PBXFileReference; lastKnownFileType = sourcecode.c.objc; path = ViewController.m; sourceTree = "<group>"; };
		462C36C81EA9E1EA0086CB76 /* Base */ = {isa = PBXFileReference; lastKnownFileType = file.storyboard; name = Base; path = Base.lproj/Main.storyboard; sourceTree = "<group>"; };
		462C36CA1EA9E1EA0086CB76 /* Assets.xcassets */ = {isa = PBXFileReference; lastKnownFileType = folder.assetcatalog; path = Assets.xcassets; sourceTree = "<group>"; };
		462C36CD1EA9E1EA0086CB76 /* Base */ = {isa = PBXFileReference; lastKnownFileType = file.storyboard; name = Base; path = Base.lproj/LaunchScreen.storyboard; sourceTree = "<group>"; };
		462C36CF1EA9E1EA0086CB76 /* Info.plist */ = {isa = PBXFileReference; lastKnownFileType = text.plist.xml; path = Info.plist; sourceTree = "<group>"; };
		462C36D51EA9E2040086CB76 /* RuntimeKit.h */ = {isa = PBXFileReference; fileEncoding = 4; lastKnownFileType = sourcecode.c.h; path = RuntimeKit.h; sourceTree = "<group>"; };
		462C36D61EA9E2040086CB76 /* RuntimeKit.m */ = {isa = PBXFileReference; fileEncoding = 4; lastKnownFileType = sourcecode.c.objc; path = RuntimeKit.m; sourceTree = "<group>"; };
/* End PBXFileReference section */

/* Begin PBXFrameworksBuildPhase section */
		462C36B81EA9E1E90086CB76 /* Frameworks */ = {
			isa = PBXFrameworksBuildPhase;
			buildActionMask = 2147483647;
			files = (
			);
			runOnlyForDeploymentPostprocessing = 0;
		};
/* End PBXFrameworksBuildPhase section */

/* Begin PBXGroup section */
		462C36B21EA9E1E90086CB76 = {
			isa = PBXGroup;
			children = (
				462C36BD1EA9E1E90086CB76 /* RuntimeKit */,
				462C36BC1EA9E1E90086CB76 /* Products */,
			);
			sourceTree = "<group>";
		};
		462C36BC1EA9E1E90086CB76 /* Products */ = {
			isa = PBXGroup;
			children = (
				462C36BB1EA9E1E90086CB76 /* RuntimeKit.app */,
			);
			name = Products;
			sourceTree = "<group>";
		};
		462C36BD1EA9E1E90086CB76 /* RuntimeKit */ = {
			isa = PBXGroup;
			children = (
				462C36C11EA9E1EA0086CB76 /* AppDelegate.h */,
				462C36C21EA9E1EA0086CB76 /* AppDelegate.m */,
				462C36C41EA9E1EA0086CB76 /* ViewController.h */,
				462C36C51EA9E1EA0086CB76 /* ViewController.m */,
				462C36D51EA9E2040086CB76 /* RuntimeKit.h */,
				462C36D61EA9E2040086CB76 /* RuntimeKit.m */,
				462C36C71EA9E1EA0086CB76 /* Main.storyboard */,
				462C36CA1EA9E1EA0086CB76 /* Assets.xcassets */,
				462C36CC1EA9E1EA0086CB76 /* LaunchScreen.storyboard */,
				462C36CF1EA9E1EA0086CB76 /* Info.plist */,
				462C36BE1EA9E1E90086CB76 /* Supporting Files */,
			);
			path = RuntimeKit;
			sourceTree = "<group>";
		};
		462C36BE1EA9E1E90086CB76 /* Supporting Files */ = {
			isa = PBXGroup;
			children = (
				462C36BF1EA9E1E90086CB76 /* main.m */,
			);
			name = "Supporting Files";
			sourceTree = "<group>";
		};
/* End PBXGroup section */

/* Begin PBXNativeTarget section */
		462C36BA1EA9E1E90086CB76 /* RuntimeKit */ = {
			isa = PBXNativeTarget;
			buildConfigurationList = 462C36D21EA9E1EA0086CB76 /* Build configuration list for PBXNativeTarget "RuntimeKit" */;
			buildPhases = (
				462C36B71EA9E1E90086CB76 /* Sources */,
				462C36B81EA9E1E90086CB76 /* Frameworks */,
				462C36B91EA9E1E90086CB76 /* Resources */,
			);
			buildRules = (
			);
			dependencies = (
			);
			name = RuntimeKit;
			productName = RuntimeKit;
			productReference = 462C36BB1EA9E1E90086CB76 /* RuntimeKit.app */;
			productType = "com.apple.product-type.application";
		};
/* End PBXNativeTarget section */

/* Begin PBXProject section */
		462C36B31EA9E1E90086CB76 /* Project object */ = {
			isa = PBXProject;
			attributes = {
				LastUpgradeCheck = 0820;
				ORGANIZATIONNAME = "其妙";
				TargetAttributes = {
					462C36BA1EA9E1E90086CB76 = {
						CreatedOnToolsVersion = 8.2.1;
						ProvisioningStyle = Automatic;
					};
				};
			};
			buildConfigurationList = 462C36B61EA9E1E90086CB76 /* Build configuration list for PBXProject "RuntimeKit" */;
			compatibilityVersion = "Xcode 3.2";
			developmentRegion = English;
			hasScannedForEncodings = 0;
			knownRegions = (
				en,
				Base,
			);
			mainGroup = 462C36B21EA9E1E90086CB76;
			productRefGroup = 462C36BC1EA9E1E90086CB76 /* Products */;
			projectDirPath = "";
			projectRoot = "";
			targets = (
				462C36BA1EA9E1E90086CB76 /* RuntimeKit */,
			);
		};
/* End PBXProject section */

/* Begin PBXResourcesBuildPhase section */
		462C36B91EA9E1E90086CB76 /* Resources */ = {
			isa = PBXResourcesBuildPhase;
			buildActionMask = 2147483647;
			files = (
				462C36CE1EA9E1EA0086CB76 /* LaunchScreen.storyboard in Resources */,
				462C36CB1EA9E1EA0086CB76 /* Assets.xcassets in Resources */,
				462C36C91EA9E1EA0086CB76 /* Main.storyboard in Resources */,
			);
			runOnlyForDeploymentPostprocessing = 0;
		};
/* End PBXResourcesBuildPhase section */

/* Begin PBXSourcesBuildPhase section */
		462C36B71EA9E1E90086CB76 /* Sources */ = {
			isa = PBXSourcesBuildPhase;
			buildActionMask = 2147483647;
			files = (
				462C36C61EA9E1EA0086CB76 /* ViewController.m in Sources */,
				462C36C31EA9E1EA0086CB76 /* AppDelegate.m in Sources */,
				462C36C01EA9E1EA0086CB76 /* main.m in Sources */,
				462C36D71EA9E2040086CB76 /* RuntimeKit.m in Sources */,
			);
			runOnlyForDeploymentPostprocessing = 0;
		};
/* End PBXSourcesBuildPhase section */

/* Begin PBXVariantGroup section */
		462C36C71EA9E1EA0086CB76 /* Main.storyboard */ = {
			isa = PBXVariantGroup;
			children = (
				462C36C81EA9E1EA0086CB76 /* Base */,
			);
			name = Main.storyboard;
			sourceTree = "<group>";
		};
		462C36CC1EA9E1EA0086CB76 /* LaunchScreen.storyboard */ = {
			isa = PBXVariantGroup;
			children = (
				462C36CD1EA9E1EA0086CB76 /* Base */,
			);
			name = LaunchScreen.storyboard;
			sourceTree = "<group>";
		};
/* End PBXVariantGroup section */

/* Begin XCBuildConfiguration section */
		462C36D01EA9E1EA0086CB76 /* Debug */ = {
			isa = XCBuildConfiguration;
			buildSettings = {
				ALWAYS_SEARCH_USER_PATHS = NO;
				CLANG_ANALYZER_NONNULL = YES;
				CLANG_CXX_LANGUAGE_STANDARD = "gnu++0x";
				CLANG_CXX_LIBRARY = "libc++";
				CLANG_ENABLE_MODULES = YES;
				CLANG_ENABLE_OBJC_ARC = YES;
				CLANG_WARN_BOOL_CONVERSION = YES;
				CLANG_WARN_CONSTANT_CONVERSION = YES;
				CLANG_WARN_DIRECT_OBJC_ISA_USAGE = YES_ERROR;
				CLANG_WARN_DOCUMENTATION_COMMENTS = YES;
				CLANG_WARN_EMPTY_BODY = YES;
				CLANG_WARN_ENUM_CONVERSION = YES;
				CLANG_WARN_INFINITE_RECURSION = YES;
				CLANG_WARN_INT_CONVERSION = YES;
				CLANG_WARN_OBJC_ROOT_CLASS = YES_ERROR;
				CLANG_WARN_SUSPICIOUS_MOVE = YES;
				CLANG_WARN_UNREACHABLE_CODE = YES;
				CLANG_WARN__DUPLICATE_METHOD_MATCH = YES;
				"CODE_SIGN_IDENTITY[sdk=iphoneos*]" = "iPhone Developer";
				COPY_PHASE_STRIP = NO;
				DEBUG_INFORMATION_FORMAT = dwarf;
				ENABLE_STRICT_OBJC_MSGSEND = YES;
				ENABLE_TESTABILITY = YES;
				GCC_C_LANGUAGE_STANDARD = gnu99;
				GCC_DYNAMIC_NO_PIC = NO;
				GCC_NO_COMMON_BLOCKS = YES;
				GCC_OPTIMIZATION_LEVEL = 0;
				GCC_PREPROCESSOR_DEFINITIONS = (
					"DEBUG=1",
					"$(inherited)",
				);
				GCC_WARN_64_TO_32_BIT_CONVERSION = YES;
				GCC_WARN_ABOUT_RETURN_TYPE = YES_ERROR;
				GCC_WARN_UNDECLARED_SELECTOR = YES;
				GCC_WARN_UNINITIALIZED_AUTOS = YES_AGGRESSIVE;
				GCC_WARN_UNUSED_FUNCTION = YES;
				GCC_WARN_UNUSED_VARIABLE = YES;
				IPHONEOS_DEPLOYMENT_TARGET = 10.2;
				MTL_ENABLE_DEBUG_INFO = YES;
				ONLY_ACTIVE_ARCH = YES;
				SDKROOT = iphoneos;
			};
			name = Debug;
		};
		462C36D11EA9E1EA0086CB76 /* Release */ = {
			isa = XCBuildConfiguration;
			buildSettings = {
				ALWAYS_SEARCH_USER_PATHS = NO;
				CLANG_ANALYZER_NONNULL = YES;
				CLANG_CXX_LANGUAGE_STANDARD = "gnu++0x";
				CLANG_CXX_LIBRARY = "libc++";
				CLANG_ENABLE_MODULES = YES;
				CLANG_ENABLE_OBJC_ARC = YES;
				CLANG_WARN_BOOL_CONVERSION = YES;
				CLANG_WARN_CONSTANT_CONVERSION = YES;
				CLANG_WARN_DIRECT_OBJC_ISA_USAGE = YES_ERROR;
				CLANG_WARN_DOCUMENTATION_COMMENTS = YES;
				CLANG_WARN_EMPTY_BODY = YES;
				CLANG_WARN_ENUM_CONVERSION = YES;
				CLANG_WARN_INFINITE_RECURSION = YES;
				CLANG_WARN_INT_CONVERSION = YES;
				CLANG_WARN_OBJC_ROOT_CLASS = YES_ERROR;
				CLANG_WARN_SUSPICIOUS_MOVE = YES;
				CLANG_WARN_UNREACHABLE_CODE = YES;
				CLANG_WARN__DUPLICATE_METHOD_MATCH = YES;
				"CODE_SIGN_IDENTITY[sdk=iphoneos*]" = "iPhone Developer";
				COPY_PHASE_STRIP = NO;
				DEBUG_INFORMATION_FORMAT = "dwarf-with-dsym";
				ENABLE_NS_ASSERTIONS = NO;
				ENABLE_STRICT_OBJC_MSGSEND = YES;
				GCC_C_LANGUAGE_STANDARD = gnu99;
				GCC_NO_COMMON_BLOCKS = YES;
				GCC_WARN_64_TO_32_BIT_CONVERSION = YES;
				GCC_WARN_ABOUT_RETURN_TYPE = YES_ERROR;
				GCC_WARN_UNDECLARED_SELECTOR = YES;
				GCC_WARN_UNINITIALIZED_AUTOS = YES_AGGRESSIVE;
				GCC_WARN_UNUSED_FUNCTION = YES;
				GCC_WARN_UNUSED_VARIABLE = YES;
				IPHONEOS_DEPLOYMENT_TARGET = 10.2;
				MTL_ENABLE_DEBUG_INFO = NO;
				SDKROOT = iphoneos;
				VALIDATE_PRODUCT = YES;
			};
			name = Release;
		};
		462C36D31EA9E1EA0086CB76 /* Debug */ = {
			isa = XCBuildConfiguration;
			buildSettings = {
				ASSETCATALOG_COMPILER_APPICON_NAME = AppIcon;
				INFOPLIST_FILE = RuntimeKit/Info.plist;
				LD_RUNPATH_SEARCH_PATHS = "$(inherited) @executable_path/Frameworks";
				PRODUCT_BUNDLE_IDENTIFIER = com.zyx.RuntimeKit;
				PRODUCT_NAME = "$(TARGET_NAME)";
			};
			name = Debug;
		};
		462C36D41EA9E1EA0086CB76 /* Release */ = {
			isa = XCBuildConfiguration;
			buildSettings = {
				ASSETCATALOG_COMPILER_APPICON_NAME = AppIcon;
				INFOPLIST_FILE = RuntimeKit/Info.plist;
				LD_RUNPATH_SEARCH_PATHS = "$(inherited) @executable_path/Frameworks";
				PRODUCT_BUNDLE_IDENTIFIER = com.zyx.RuntimeKit;
				PRODUCT_NAME = "$(TARGET_NAME)";
			};
			name = Release;
		};
/* End XCBuildConfiguration section */

/* Begin XCConfigurationList section */
		462C36B61EA9E1E90086CB76 /* Build configuration list for PBXProject "RuntimeKit" */ = {
			isa = XCConfigurationList;
			buildConfigurations = (
				462C36D01EA9E1EA0086CB76 /* Debug */,
				462C36D11EA9E1EA0086CB76 /* Release */,
			);
			defaultConfigurationIsVisible = 0;
			defaultConfigurationName = Release;
		};
		462C36D21EA9E1EA0086CB76 /* Build configuration list for PBXNativeTarget "RuntimeKit" */ = {
			isa = XCConfigurationList;
			buildConfigurations = (
				462C36D31EA9E1EA0086CB76 /* Debug */,
				462C36D41EA9E1EA0086CB76 /* Release */,
			);
			defaultConfigurationIsVisible = 0;
		};
/* End XCConfigurationList section */
	};
	rootObject = 462C36B31EA9E1E90086CB76 /* Project object */;
}
